{
  "name": "compresstext",
  "version": "1.0.0",
  "lockfileVersion": 3,
  "requires": true,
  "packages": {
    "": {
      "name": "compresstext",
      "version": "1.0.0",
      "license": "ISC",
      "dependencies": {
        "js-string-compression": "^1.0.1"
      }
    },
    "node_modules/js-string-compression": {
      "version": "1.0.1",
      "resolved": "https://registry.npmjs.org/js-string-compression/-/js-string-compression-1.0.1.tgz",
      "integrity": "sha512-+LDiOtUIbsmsDjSfGZFbO4E1ujl+a8/9IrrQNekWKdD2hPd4zMTHkf2UAd03BHzi/3y+B1fU8QDJVEPmSiNDJw==",
      "bin": {
        "js-string-compression": "src/jsscompress.js"
      }
    }
  }
}
